{
  "name": "azure-schema-generator",
  "version": "1.0.0",
  "lockfileVersion": 1,
  "requires": true,
  "dependencies": {
    "@microsoft.azure/autorest-core": {
      "version": "3.0.5526",
      "resolved": "https://registry.npmjs.org/@microsoft.azure/autorest-core/-/autorest-core-3.0.5526.tgz",
      "integrity": "sha512-vybUN9QqDkLkUWmFsy6vAEuDk7kz+5DIyDP2YrKADkqLsysbLQJ8rJ11vr6Xuhyd2uNA5crhetRhOCc5vjjjMg=="
    },
    "@microsoft.azure/autorest.azureresourceschema": {
      "version": "3.0.37",
      "resolved": "https://registry.npmjs.org/@microsoft.azure/autorest.azureresourceschema/-/autorest.azureresourceschema-3.0.37.tgz",
      "integrity": "sha512-9ySYk8J7P6LYXd30yvEIQjTUgVOx+QnubkoRwA5QAeIf82YeYzpX6/g2cRG2a32q6ZUJO588Oggj/yN9wct8hw==",
      "requires": {
        "dotnet-2.0.0": "^1.4.4"
      }
    },
    "autorest": {
      "version": "3.0.5226",
      "resolved": "https://registry.npmjs.org/autorest/-/autorest-3.0.5226.tgz",
      "integrity": "sha512-UetIr/i8OasiDELPaTJyOEmQOtr3DRsyYPp0TtgzcKrqC58R3U74QhJnNrWgAwIuC2PBjLUbtmvLdkoixssNfw=="
    },
    "chownr": {
      "version": "1.1.2",
      "resolved": "https://registry.npmjs.org/chownr/-/chownr-1.1.2.tgz",
      "integrity": "sha512-GkfeAQh+QNy3wquu9oIZr6SS5x7wGdSgNQvD10X3r+AZr1Oys22HW8kAmDMvNg2+Dm0TeGaEuO8gFwdBXxwO8A=="
    },
    "dotnet-2.0.0": {
      "version": "1.4.4",
      "resolved": "https://registry.npmjs.org/dotnet-2.0.0/-/dotnet-2.0.0-1.4.4.tgz",
      "integrity": "sha512-KDbUncVUhwkJH2wjL9gbUWQ5NcZIe+PFEI0CGTMtX5TImFG6Nlt9CABVGBBG+oWf13zLARaBVenkD20moz1NPw=="
    },
    "fs-minipass": {
      "version": "1.2.6",
      "resolved": "https://registry.npmjs.org/fs-minipass/-/fs-minipass-1.2.6.tgz",
      "integrity": "sha512-crhvyXcMejjv3Z5d2Fa9sf5xLYVCF5O1c71QxbVnbLsmYMBEvDAftewesN/HhY03YRoA7zOMxjNGrF5svGaaeQ==",
      "requires": {
        "minipass": "^2.2.1"
      }
    },
    "minimist": {
      "version": "0.0.8",
      "resolved": "https://registry.npmjs.org/minimist/-/minimist-0.0.8.tgz",
      "integrity": "sha1-hX/Kv8M5fSYluCKCYuhqp6ARsF0="
    },
    "minipass": {
      "version": "2.3.5",
      "resolved": "https://registry.npmjs.org/minipass/-/minipass-2.3.5.tgz",
      "integrity": "sha512-Gi1W4k059gyRbyVUZQ4mEqLm0YIUiGYfvxhF6SIlk3ui1WVxMTGfGdQ2SInh3PDrRTVvPKgULkpJtT4RH10+VA==",
      "requires": {
        "safe-buffer": "^5.1.2",
        "yallist": "^3.0.0"
      }
    },
    "minizlib": {
      "version": "1.2.1",
      "resolved": "https://registry.npmjs.org/minizlib/-/minizlib-1.2.1.tgz",
      "integrity": "sha512-7+4oTUOWKg7AuL3vloEWekXY2/D20cevzsrNT2kGWm+39J9hGTCBv8VI5Pm5lXZ/o3/mdR4f8rflAPhnQb8mPA==",
      "requires": {
        "minipass": "^2.2.1"
      }
    },
    "mkdirp": {
      "version": "0.5.1",
      "resolved": "https://registry.npmjs.org/mkdirp/-/mkdirp-0.5.1.tgz",
      "integrity": "sha1-MAV0OOrGz3+MR2fzhkjWaX11yQM=",
      "requires": {
        "minimist": "0.0.8"
      }
    },
    "pwsh": {
      "version": "0.2.0",
      "resolved": "https://registry.npmjs.org/pwsh/-/pwsh-0.2.0.tgz",
      "integrity": "sha512-pTFWQ3BPNLa9FG2WOmAVt2tCJOR7/+qMsvSRSV+MYLoemj0tqpwwVKZbdWjKZ3QoDTl45SHCo8/cTGc98y/JEw==",
      "requires": {
        "tar": "^4.1.1"
      }
    },
    "safe-buffer": {
      "version": "5.2.0",
      "resolved": "https://registry.npmjs.org/safe-buffer/-/safe-buffer-5.2.0.tgz",
      "integrity": "sha512-fZEwUGbVl7kouZs1jCdMLdt95hdIv0ZeHg6L7qPeciMZhZ+/gdesW4wgTARkrFWEpspjEATAzUGPG8N2jJiwbg=="
    },
    "tar": {
      "version": "4.4.10",
      "resolved": "https://registry.npmjs.org/tar/-/tar-4.4.10.tgz",
      "integrity": "sha512-g2SVs5QIxvo6OLp0GudTqEf05maawKUxXru104iaayWA09551tFCTI8f1Asb4lPfkBr91k07iL4c11XO3/b0tA==",
      "requires": {
        "chownr": "^1.1.1",
        "fs-minipass": "^1.2.5",
        "minipass": "^2.3.5",
        "minizlib": "^1.2.1",
        "mkdirp": "^0.5.0",
        "safe-buffer": "^5.1.2",
        "yallist": "^3.0.3"
      }
    },
    "yallist": {
      "version": "3.0.3",
      "resolved": "https://registry.npmjs.org/yallist/-/yallist-3.0.3.tgz",
      "integrity": "sha512-S+Zk8DEWE6oKpV+vI3qWkaK+jSbIK86pCwe2IF/xwIpQ8jEuxpw9NyaGjmp9+BoJv5FV2piqCDcoCtStppiq2A=="
    }
  }
}
