
Microsoft Visual Studio Solution File, Format Version 12.00
# Visual Studio Version 16
VisualStudioVersion = 16.0.31005.135
MinimumVisualStudioVersion = 10.0.40219.1
Project("{9A19103F-16F7-4668-BE54-9A1E7A4F7556}") = "deploymentsSchemaTests", "deploymentsSchemaTests.csproj", "{3B03DF32-0523-4023-87DB-3C82BA8E0DCB}"
EndProject
Global
	GlobalSection(SolutionConfigurationPlatforms) = preSolution
		Debug|Any CPU = Debug|Any CPU
		Release|Any CPU = Release|Any CPU
	EndGlobalSection
	GlobalSection(ProjectConfigurationPlatforms) = postSolution
		{3B03DF32-0523-4023-87DB-3C82BA8E0DCB}.Debug|Any CPU.ActiveCfg = Debug|Any CPU
		{3B03DF32-0523-4023-87DB-3C82BA8E0DCB}.Debug|Any CPU.Build.0 = Debug|Any CPU
		{3B03DF32-0523-4023-87DB-3C82BA8E0DCB}.Release|Any CPU.ActiveCfg = Release|Any CPU
		{3B03DF32-0523-4023-87DB-3C82BA8E0DCB}.Release|Any CPU.Build.0 = Release|Any CPU
	EndGlobalSection
	GlobalSection(SolutionProperties) = preSolution
		HideSolutionNode = FALSE
	EndGlobalSection
	GlobalSection(ExtensibilityGlobals) = postSolution
		SolutionGuid = {3A731ED6-FF9B-4887-A695-DA60235CA4AB}
	EndGlobalSection
EndGlobal
